
Microsoft Visual Studio Solution File, Format Version 12.00
# Visual Studio Version 16
VisualStudioVersion = 16.0.33328.57
MinimumVisualStudioVersion = 10.0.40219.1
Project("{FAE04EC0-301F-11D3-BF4B-00C04F79EFBC}") = "TheFountainOfObjects", "TheFountainOfObjects.csproj", "{25374449-D717-4AAB-812E-7A365936612D}"
EndProject
Global
	GlobalSection(SolutionConfigurationPlatforms) = preSolution
		Debug|Any CPU = Debug|Any CPU
		Release|Any CPU = Release|Any CPU
	EndGlobalSection
	GlobalSection(ProjectConfigurationPlatforms) = postSolution
		{25374449-D717-4AAB-812E-7A365936612D}.Debug|Any CPU.ActiveCfg = Debug|Any CPU
		{25374449-D717-4AAB-812E-7A365936612D}.Debug|Any CPU.Build.0 = Debug|Any CPU
		{25374449-D717-4AAB-812E-7A365936612D}.Release|Any CPU.ActiveCfg = Release|Any CPU
		{25374449-D717-4AAB-812E-7A365936612D}.Release|Any CPU.Build.0 = Release|Any CPU
	EndGlobalSection
	GlobalSection(SolutionProperties) = preSolution
		HideSolutionNode = FALSE
	EndGlobalSection
	GlobalSection(ExtensibilityGlobals) = postSolution
		SolutionGuid = {6EC8CE9A-B54C-4D17-AF3A-B605E6D215E3}
	EndGlobalSection
EndGlobal
